
Microsoft Visual Studio Solution File, Format Version 12.00
# Visual Studio Version 16
VisualStudioVersion = 16.0.30011.22
MinimumVisualStudioVersion = 10.0.40219.1
Project("{9A19103F-16F7-4668-BE54-9A1E7A4F7556}") = "OrangeHRMProjectJune", "OrangeHRMProjectJune\OrangeHRMProjectJune.csproj", "{49D9756A-B9A3-4E52-AAE3-0E5D19F6B1F4}"
EndProject
Global
	GlobalSection(SolutionConfigurationPlatforms) = preSolution
		Debug|Any CPU = Debug|Any CPU
		Release|Any CPU = Release|Any CPU
	EndGlobalSection
	GlobalSection(ProjectConfigurationPlatforms) = postSolution
		{49D9756A-B9A3-4E52-AAE3-0E5D19F6B1F4}.Debug|Any CPU.ActiveCfg = Debug|Any CPU
		{49D9756A-B9A3-4E52-AAE3-0E5D19F6B1F4}.Debug|Any CPU.Build.0 = Debug|Any CPU
		{49D9756A-B9A3-4E52-AAE3-0E5D19F6B1F4}.Release|Any CPU.ActiveCfg = Release|Any CPU
		{49D9756A-B9A3-4E52-AAE3-0E5D19F6B1F4}.Release|Any CPU.Build.0 = Release|Any CPU
	EndGlobalSection
	GlobalSection(SolutionProperties) = preSolution
		HideSolutionNode = FALSE
	EndGlobalSection
	GlobalSection(ExtensibilityGlobals) = postSolution
		SolutionGuid = {BB45DA82-AD9F-434E-BC90-FEC9A17E1387}
	EndGlobalSection
EndGlobal
