
Microsoft Visual Studio Solution File, Format Version 12.00
# Visual Studio Version 16
VisualStudioVersion = 16.0.31729.503
MinimumVisualStudioVersion = 10.0.40219.1
Project("{FAE04EC0-301F-11D3-BF4B-00C04F79EFBC}") = "PodCheckout", "PodCheckout\PodCheckout.csproj", "{5F0D70CE-9CFF-485C-87F8-2B28CEDD7FC7}"
EndProject
Global
	GlobalSection(SolutionConfigurationPlatforms) = preSolution
		Debug|Any CPU = Debug|Any CPU
		Release|Any CPU = Release|Any CPU
	EndGlobalSection
	GlobalSection(ProjectConfigurationPlatforms) = postSolution
		{5F0D70CE-9CFF-485C-87F8-2B28CEDD7FC7}.Debug|Any CPU.ActiveCfg = Debug|Any CPU
		{5F0D70CE-9CFF-485C-87F8-2B28CEDD7FC7}.Debug|Any CPU.Build.0 = Debug|Any CPU
		{5F0D70CE-9CFF-485C-87F8-2B28CEDD7FC7}.Release|Any CPU.ActiveCfg = Release|Any CPU
		{5F0D70CE-9CFF-485C-87F8-2B28CEDD7FC7}.Release|Any CPU.Build.0 = Release|Any CPU
	EndGlobalSection
	GlobalSection(SolutionProperties) = preSolution
		HideSolutionNode = FALSE
	EndGlobalSection
	GlobalSection(ExtensibilityGlobals) = postSolution
		SolutionGuid = {584BDA57-24A3-4D0A-A589-36BE5829868A}
	EndGlobalSection
EndGlobal
